
Microsoft Visual Studio Solution File, Format Version 12.00
# Visual Studio Version 17
VisualStudioVersion = 17.0.31903.59
MinimumVisualStudioVersion = 10.0.40219.1
Project("{FAE04EC0-301F-11D3-BF4B-00C04F79EFBC}") = "SoapService", "SoapService\SoapService.csproj", "{066E5DE4-F94C-4983-9715-2D5B16922482}"
EndProject
Project("{FAE04EC0-301F-11D3-BF4B-00C04F79EFBC}") = "ServiceLayer", "ServiceLayer\ServiceLayer.csproj", "{A52A4DAB-48AB-4040-8A9B-A240384DEFB9}"
EndProject
Project("{FAE04EC0-301F-11D3-BF4B-00C04F79EFBC}") = "SoapProxy", "SoapProxy\SoapProxy.csproj", "{340DB87D-A504-496D-B200-31EA4605E035}"
EndProject
Project("{FAE04EC0-301F-11D3-BF4B-00C04F79EFBC}") = "ServiceLayerTests", "ServiceLayerTests\ServiceLayerTests.csproj", "{FD56F72F-6007-4AA6-B55C-E4536A1D277E}"
EndProject
Project("{FAE04EC0-301F-11D3-BF4B-00C04F79EFBC}") = "Common", "Common\Common.csproj", "{0D95E515-5EB6-4441-A659-0F60B572B731}"
EndProject
Project("{FAE04EC0-301F-11D3-BF4B-00C04F79EFBC}") = "export-to-pdf", "export-to-pdf\export-to-pdf.csproj", "{CCAF3ADA-1DA0-4E33-9CB0-A3E30DF95CFA}"
EndProject
Global
	GlobalSection(SolutionConfigurationPlatforms) = preSolution
		Debug|Any CPU = Debug|Any CPU
		Release|Any CPU = Release|Any CPU
	EndGlobalSection
	GlobalSection(SolutionProperties) = preSolution
		HideSolutionNode = FALSE
	EndGlobalSection
	GlobalSection(ProjectConfigurationPlatforms) = postSolution
		{066E5DE4-F94C-4983-9715-2D5B16922482}.Debug|Any CPU.ActiveCfg = Debug|Any CPU
		{066E5DE4-F94C-4983-9715-2D5B16922482}.Debug|Any CPU.Build.0 = Debug|Any CPU
		{066E5DE4-F94C-4983-9715-2D5B16922482}.Release|Any CPU.ActiveCfg = Release|Any CPU
		{066E5DE4-F94C-4983-9715-2D5B16922482}.Release|Any CPU.Build.0 = Release|Any CPU
		{A52A4DAB-48AB-4040-8A9B-A240384DEFB9}.Debug|Any CPU.ActiveCfg = Debug|Any CPU
		{A52A4DAB-48AB-4040-8A9B-A240384DEFB9}.Debug|Any CPU.Build.0 = Debug|Any CPU
		{A52A4DAB-48AB-4040-8A9B-A240384DEFB9}.Release|Any CPU.ActiveCfg = Release|Any CPU
		{A52A4DAB-48AB-4040-8A9B-A240384DEFB9}.Release|Any CPU.Build.0 = Release|Any CPU
		{340DB87D-A504-496D-B200-31EA4605E035}.Debug|Any CPU.ActiveCfg = Debug|Any CPU
		{340DB87D-A504-496D-B200-31EA4605E035}.Debug|Any CPU.Build.0 = Debug|Any CPU
		{340DB87D-A504-496D-B200-31EA4605E035}.Release|Any CPU.ActiveCfg = Release|Any CPU
		{340DB87D-A504-496D-B200-31EA4605E035}.Release|Any CPU.Build.0 = Release|Any CPU
		{FD56F72F-6007-4AA6-B55C-E4536A1D277E}.Debug|Any CPU.ActiveCfg = Debug|Any CPU
		{FD56F72F-6007-4AA6-B55C-E4536A1D277E}.Debug|Any CPU.Build.0 = Debug|Any CPU
		{FD56F72F-6007-4AA6-B55C-E4536A1D277E}.Release|Any CPU.ActiveCfg = Release|Any CPU
		{FD56F72F-6007-4AA6-B55C-E4536A1D277E}.Release|Any CPU.Build.0 = Release|Any CPU
		{0D95E515-5EB6-4441-A659-0F60B572B731}.Debug|Any CPU.ActiveCfg = Debug|Any CPU
		{0D95E515-5EB6-4441-A659-0F60B572B731}.Debug|Any CPU.Build.0 = Debug|Any CPU
		{0D95E515-5EB6-4441-A659-0F60B572B731}.Release|Any CPU.ActiveCfg = Release|Any CPU
		{0D95E515-5EB6-4441-A659-0F60B572B731}.Release|Any CPU.Build.0 = Release|Any CPU
		{CCAF3ADA-1DA0-4E33-9CB0-A3E30DF95CFA}.Debug|Any CPU.ActiveCfg = Debug|Any CPU
		{CCAF3ADA-1DA0-4E33-9CB0-A3E30DF95CFA}.Debug|Any CPU.Build.0 = Debug|Any CPU
		{CCAF3ADA-1DA0-4E33-9CB0-A3E30DF95CFA}.Release|Any CPU.ActiveCfg = Release|Any CPU
		{CCAF3ADA-1DA0-4E33-9CB0-A3E30DF95CFA}.Release|Any CPU.Build.0 = Release|Any CPU
	EndGlobalSection
EndGlobal
